{
  "version": 2,
  "dependencies": {
    "net10.0": {
      "Lib.Net.Http.WebPush": {
        "type": "Direct",
        "requested": "[3.3.1, )",
        "resolved": "3.3.1",
        "contentHash": "5ByiHRcY3lF/4LA7ZbgzBEUmX6oYlPTS1NzXEom3uvT7wFHeZ8Q9DOQcPG6awFqS8yGUuyTvxrHyBzTOwe8Fpg==",
        "dependencies": {
          "Lib.Net.Http.EncryptedContentEncoding": "2.1.1"
        }
      },
      "Lib.Net.Http.EncryptedContentEncoding": {
        "type": "Transitive",
        "resolved": "2.1.1",
        "contentHash": "n+CuGyBCZ9zLT3p39sab1bSL2FRCoXHXUM/T7jXwZlibOE+mASOqXcKD9LzNjH+VZTdA0mn02EdBww06DzD9IA=="
      },
      "forgetrust.appsurface.config": {
        "type": "Project",
        "dependencies": {
          "ForgeTrust.AppSurface.Core": "[0.1.0, )"
        }
      },
      "forgetrust.appsurface.core": {
        "type": "Project",
        "dependencies": {
          "CliWrap": "[3.10.1, )"
        }
      },
      "forgetrust.appsurface.web": {
        "type": "Project",
        "dependencies": {
          "ForgeTrust.AppSurface.Config": "[0.1.0, )",
          "ForgeTrust.AppSurface.Core": "[0.1.0, )"
        }
      },
      "CliWrap": {
        "type": "CentralTransitive",
        "requested": "[3.10.1, )",
        "resolved": "3.10.1",
        "contentHash": "C+WzXwzpQsJVNqvuh19ZO/bw/vR43L+DC/CmvK+PATUBkail2AWYE6an17dOGgWaVGzF9sU28YwRwfNfkPrQdg=="
      }
    }
  }
}