{
  "version": 2,
  "dependencies": {
    "net10.0": {
      "BenchmarkDotNet": {
        "type": "Direct",
        "requested": "[0.15.8, )",
        "resolved": "0.15.8",
        "contentHash": "paCfrWxSeHqn3rUZc0spYXVFnHCF0nzRhG0nOLnyTjZYs8spsimBaaNmb3vwqvALKIplbYq/TF393vYiYSnh/Q==",
        "dependencies": {
          "BenchmarkDotNet.Annotations": "0.15.8",
          "CommandLineParser": "2.9.1",
          "Gee.External.Capstone": "2.3.0",
          "Iced": "1.21.0",
          "Microsoft.CodeAnalysis.CSharp": "4.14.0",
          "Microsoft.Diagnostics.Runtime": "3.1.512801",
          "Microsoft.Diagnostics.Tracing.TraceEvent": "3.1.21",
          "Microsoft.DotNet.PlatformAbstractions": "3.1.6",
          "Perfolizer": "[0.6.1]",
          "System.Management": "9.0.5"
        }
      },
      "Carter": {
        "type": "Direct",
        "requested": "[10.0.0, )",
        "resolved": "10.0.0",
        "contentHash": "TMSfoaIwEuQBqDxt0EdUmGLe6yLnkEBwYeWunyDfxhDPmDKtV/o1tDYsNWG5eMO6ontHonFttIMwbsg+ddi8YQ==",
        "dependencies": {
          "Carter.Analyzers": "10.0.0",
          "FluentValidation": "12.1.0",
          "Microsoft.Extensions.DependencyModel": "10.0.0"
        }
      },
      "Volo.Abp.AspNetCore": {
        "type": "Direct",
        "requested": "[10.4.0, )",
        "resolved": "10.4.0",
        "contentHash": "JZcCovrG6FvYqAtX48kxSiv4Ki4n+LolTYv1oYfBoE0Xh2ymjaPrmyHHkWUdLnpBGGvPhxiNCW3YqD7L6UWaUA==",
        "dependencies": {
          "Duende.IdentityModel": "7.1.0",
          "Microsoft.AspNetCore.Authentication.OpenIdConnect": "10.0.7",
          "MyCSharp.HttpUserAgentParser": "3.0.28",
          "Volo.Abp.AspNetCore.Abstractions": "10.4.0",
          "Volo.Abp.Auditing": "10.4.0",
          "Volo.Abp.Authorization": "10.4.0",
          "Volo.Abp.ExceptionHandling": "10.4.0",
          "Volo.Abp.Http": "10.4.0",
          "Volo.Abp.Security": "10.4.0",
          "Volo.Abp.Uow": "10.4.0",
          "Volo.Abp.Validation": "10.4.0",
          "Volo.Abp.VirtualFileSystem": "10.4.0"
        }
      },
      "Volo.Abp.Core": {
        "type": "Direct",
        "requested": "[10.4.0, )",
        "resolved": "10.4.0",
        "contentHash": "hcix4C8e7o6BF30bD5eL+WA/2S51zYm+AV5oLx9liBLEnToAxGanv3XpUSKLUjybPuxHfow/T5wM8ORphKNmtQ==",
        "dependencies": {
          "JetBrains.Annotations": "2025.2.2",
          "Nito.AsyncEx.Context": "5.1.2",
          "System.Linq.Dynamic.Core": "1.6.7",
          "System.Management": "10.0.7"
        }
      },
      "Asp.Versioning.Abstractions": {
        "type": "Transitive",
        "resolved": "8.1.0",
        "contentHash": "mpeNZyMdvrHztJwR1sXIUQ+3iioEU97YMBnFA9WLbsPOYhGwDJnqJMmEd8ny7kcmS9OjTHoEuX/bSXXY3brIFA=="
      },
      "Asp.Versioning.Http": {
        "type": "Transitive",
        "resolved": "8.1.0",
        "contentHash": "Xu4xF62Cu9JqYi/CTa2TiK5kyHoa4EluPynj/bPFWDmlTIPzuJQbBI5RgFYVRFHjFVvWMoA77acRaFu7i7Wzqg==",
        "dependencies": {
          "Asp.Versioning.Abstractions": "8.1.0"
        }
      },
      "Asp.Versioning.Mvc": {
        "type": "Transitive",
        "resolved": "8.1.0",
        "contentHash": "BMAJM2sGsTUw5FQ9upKQt6GFoldWksePgGpYjl56WSRvIuE3UxKZh0gAL+wDTIfLshUZm97VCVxlOGyrcjWz9Q==",
        "dependencies": {
          "Asp.Versioning.Http": "8.1.0"
        }
      },
      "Asp.Versioning.Mvc.ApiExplorer": {
        "type": "Transitive",
        "resolved": "8.1.0",
        "contentHash": "a90gW/4TF/14Bjiwg9LqNtdKGC4G3gu02+uynq3bCISfQm48km5chny4Yg5J4hixQPJUwwJJ9Do1G+jM8L9h3g==",
        "dependencies": {
          "Asp.Versioning.Mvc": "8.1.0"
        }
      },
      "AsyncKeyedLock": {
        "type": "Transitive",
        "resolved": "7.1.6",
        "contentHash": "zoYk4WqHuTxU/OMAaMfy+1Jgvg4K8wlxU13P/AOHXcX4POOVNRLBgB0o15cUH2ixRScdKX8YXOQGsJ5piJlx6w=="
      },
      "BenchmarkDotNet.Annotations": {
        "type": "Transitive",
        "resolved": "0.15.8",
        "contentHash": "hfucY0ycAsB0SsoaZcaAp9oq5wlWBJcylvEJb9pmvdYUx6PD6S4mDiYnZWjdjAlLhIpe/xtGCwzORfzAzPqvzA=="
      },
      "Carter.Analyzers": {
        "type": "Transitive",
        "resolved": "10.0.0",
        "contentHash": "NC8nnaoCCKUDkZgDXIk7p7IgXOYsAYrOPp4a9AwFPGSoa92VqOnpp/O4YeKicnMByNigTCNzua7yxIbSFfRTqA==",
        "dependencies": {
          "Microsoft.CodeAnalysis.CSharp": "4.14.0"
        }
      },
      "CommandLineParser": {
        "type": "Transitive",
        "resolved": "2.9.1",
        "contentHash": "OE0sl1/sQ37bjVsPKKtwQlWDgqaxWgtme3xZz7JssWUzg5JpMIyHgCTY9MVMxOg48fJ1AgGT3tgdH5m/kQ5xhA=="
      },
      "Duende.IdentityModel": {
        "type": "Transitive",
        "resolved": "7.1.0",
        "contentHash": "Ihn2LiHZfiGD0Qu6aKngK5xtqOocZcS88khVG0Xv7uObfzilevAvXHDhAqpvWiZNIXPeCD6SA5Wy/rfP0U4brA=="
      },
      "FluentValidation": {
        "type": "Transitive",
        "resolved": "12.1.0",
        "contentHash": "FqWEn8BdbbFEHGanj9K8SVo+LyBeFWy2rolaE+e1TNUbifr8M7Iss+I1AqTSc8kjKtvjl/WN4XIHiRpslh42bA=="
      },
      "Gee.External.Capstone": {
        "type": "Transitive",
        "resolved": "2.3.0",
        "contentHash": "2ap/rYmjtzCOT8hxrnEW/QeiOt+paD8iRrIcdKX0cxVwWLFa1e+JDBNeECakmccXrSFeBQuu5AV8SNkipFMMMw=="
      },
      "Iced": {
        "type": "Transitive",
        "resolved": "1.21.0",
        "contentHash": "dv5+81Q1TBQvVMSOOOmRcjJmvWcX3BZPZsIq31+RLc5cNft0IHAyNlkdb7ZarOWG913PyBoFDsDXoCIlKmLclg=="
      },
      "JetBrains.Annotations": {
        "type": "Transitive",
        "resolved": "2025.2.2",
        "contentHash": "0X56ZRizuHdrnPpgXjWV7f2tQO1FlQg5O1967OGKnI/4ZRNOK642J8L7brM1nYvrxTTU5TP1yRyXLRLaXLPQ8A=="
      },
      "Microsoft.AspNetCore.Authentication.OpenIdConnect": {
        "type": "Transitive",
        "resolved": "10.0.7",
        "contentHash": "Q7c2IKS/EwKScck80dp5zps1g62Dbqpteeh/mGMReFKuiP+88yWT4jB+mcP4cIFA+wsuIxh9uFJa6GHK4/9rzQ==",
        "dependencies": {
          "Microsoft.IdentityModel.Protocols.OpenIdConnect": "8.0.1"
        }
      },
      "Microsoft.AspNetCore.Razor.Language": {
        "type": "Transitive",
        "resolved": "6.0.36",
        "contentHash": "n5Mg5D0aRrhHJJ6bJcwKqQydIFcgUq0jTlvuynoJjwA2IvAzh8Aqf9cpYagofQbIlIXILkCP6q6FgbngyVtpYA=="
      },
      "Microsoft.Bcl.AsyncInterfaces": {
        "type": "Transitive",
        "resolved": "9.0.5",
        "contentHash": "eNQDjbtFj8kOLxbckCbn2JXTsnzK8+xkA4jg7NULO9jhIvlOSngC9BFzmiqVPpw1INQaP1pQ3YteY2XhfWNjtQ=="
      },
      "Microsoft.CodeAnalysis.Common": {
        "type": "Transitive",
        "resolved": "5.0.0",
        "contentHash": "ZXRAdvH6GiDeHRyd3q/km8Z44RoM6FBWHd+gen/la81mVnAdHTEsEkO5J0TCNXBymAcx5UYKt5TvgKBhaLJEow==",
        "dependencies": {
          "Microsoft.CodeAnalysis.Analyzers": "3.11.0"
        }
      },
      "Microsoft.Diagnostics.NETCore.Client": {
        "type": "Transitive",
        "resolved": "0.2.510501",
        "contentHash": "juoqJYMDs+lRrrZyOkXXMImJHneCF23cuvO4waFRd2Ds7j+ZuGIPbJm0Y/zz34BdeaGiiwGWraMUlln05W1PCQ=="
      },
      "Microsoft.Diagnostics.Runtime": {
        "type": "Transitive",
        "resolved": "3.1.512801",
        "contentHash": "0lMUDr2oxNZa28D6NH5BuSQEe5T9tZziIkvkD44YkkCGQXPJqvFjLq5ZQq1hYLl3RjQJrY+hR0jFgap+EWPDTw==",
        "dependencies": {
          "Microsoft.Diagnostics.NETCore.Client": "0.2.410101"
        }
      },
      "Microsoft.Diagnostics.Tracing.TraceEvent": {
        "type": "Transitive",
        "resolved": "3.1.21",
        "contentHash": "/OrJFKaojSR6TkUKtwh8/qA9XWNtxLrXMqvEb89dBSKCWjaGVTbKMYodIUgF5deCEtmd6GXuRerciXGl5bhZ7Q==",
        "dependencies": {
          "Microsoft.Diagnostics.NETCore.Client": "0.2.510501",
          "System.Reflection.TypeExtensions": "4.7.0"
        }
      },
      "Microsoft.DotNet.PlatformAbstractions": {
        "type": "Transitive",
        "resolved": "3.1.6",
        "contentHash": "jek4XYaQ/PGUwDKKhwR8K47Uh1189PFzMeLqO83mXrXQVIpARZCcfuDedH50YDTepBkfijCZN5U/vZi++erxtg=="
      },
      "Microsoft.Extensions.Caching.Hybrid": {
        "type": "Transitive",
        "resolved": "9.4.0",
        "contentHash": "GtHP+DRraRM6RLq7TzUV8Iiyqm+WemJRLDNqy7uvA+Dgf6fjvxpmHnzgPb+RAcRNjADz961DMHHZ4i5EQjpDPw=="
      },
      "Microsoft.Extensions.FileProviders.Embedded": {
        "type": "Transitive",
        "resolved": "10.0.7",
        "contentHash": "Btm5vy3ZjIy4GwG5EGSnayiUrLeDsJ6n+RgaPs2xbjA53tXRTCtkZ9v086qHF71tJuVmQiJ8o0IXlm2XVibXJw=="
      },
      "Microsoft.IdentityModel.Abstractions": {
        "type": "Transitive",
        "resolved": "8.0.1",
        "contentHash": "OtlIWcyX01olfdevPKZdIPfBEvbcioDyBiE/Z2lHsopsMD7twcKtlN9kMevHmI5IIPhFpfwCIiR6qHQz1WHUIw=="
      },
      "Microsoft.IdentityModel.JsonWebTokens": {
        "type": "Transitive",
        "resolved": "8.0.1",
        "contentHash": "s6++gF9x0rQApQzOBbSyp4jUaAlwm+DroKfL8gdOHxs83k8SJfUXhuc46rDB3rNXBQ1MVRxqKUrqFhO/M0E97g==",
        "dependencies": {
          "Microsoft.IdentityModel.Tokens": "8.0.1"
        }
      },
      "Microsoft.IdentityModel.Logging": {
        "type": "Transitive",
        "resolved": "8.0.1",
        "contentHash": "UCPF2exZqBXe7v/6sGNiM6zCQOUXXQ9+v5VTb9gPB8ZSUPnX53BxlN78v2jsbIvK9Dq4GovQxo23x8JgWvm/Qg==",
        "dependencies": {
          "Microsoft.IdentityModel.Abstractions": "8.0.1"
        }
      },
      "Microsoft.IdentityModel.Protocols": {
        "type": "Transitive",
        "resolved": "8.0.1",
        "contentHash": "uA2vpKqU3I2mBBEaeJAWPTjT9v1TZrGWKdgK6G5qJd03CLx83kdiqO9cmiK8/n1erkHzFBwU/RphP83aAe3i3g==",
        "dependencies": {
          "Microsoft.IdentityModel.Tokens": "8.0.1"
        }
      },
      "Microsoft.IdentityModel.Protocols.OpenIdConnect": {
        "type": "Transitive",
        "resolved": "8.0.1",
        "contentHash": "AQDbfpL+yzuuGhO/mQhKNsp44pm5Jv8/BI4KiFXR7beVGZoSH35zMV3PrmcfvSTsyI6qrcR898NzUauD6SRigg==",
        "dependencies": {
          "Microsoft.IdentityModel.Protocols": "8.0.1",
          "System.IdentityModel.Tokens.Jwt": "8.0.1"
        }
      },
      "Microsoft.IdentityModel.Tokens": {
        "type": "Transitive",
        "resolved": "8.0.1",
        "contentHash": "kDimB6Dkd3nkW2oZPDkMkVHfQt3IDqO5gL0oa8WVy3OP4uE8Ij+8TXnqg9TOd9ufjsY3IDiGz7pCUbnfL18tjg==",
        "dependencies": {
          "Microsoft.IdentityModel.Logging": "8.0.1"
        }
      },
      "Microsoft.OpenApi": {
        "type": "Transitive",
        "resolved": "2.0.0",
        "contentHash": "GGYLfzV/G/ct80OZ45JxnWP7NvMX1BCugn/lX7TH5o0lcVaviavsLMTxmFV2AybXWjbi3h6FF1vgZiTK6PXndw=="
      },
      "MyCSharp.HttpUserAgentParser": {
        "type": "Transitive",
        "resolved": "3.0.28",
        "contentHash": "UbqKb1z2r8gFhsD5Scf/lEI5T7VtCeQUTzXA3yyWoyvXdY5u4HL7CsHk6WNAtbZJa2rgRGqN7pHLpcffo3PIRA=="
      },
      "Nito.AsyncEx.Context": {
        "type": "Transitive",
        "resolved": "5.1.2",
        "contentHash": "rMwL7Nj3oNyvFu/jxUzQ/YBobEkM2RQHe+5mpCDRyq6mfD7vCj7Z3rjB6XgpM6Mqcx1CA2xGv0ascU/2Xk8IIg==",
        "dependencies": {
          "Nito.AsyncEx.Tasks": "5.1.2"
        }
      },
      "Nito.AsyncEx.Tasks": {
        "type": "Transitive",
        "resolved": "5.1.2",
        "contentHash": "jEkCfR2/M26OK/U4G7SEN063EU/F4LiVA06TtpZILMdX/quIHCg+wn31Zerl2LC+u1cyFancjTY3cNAr2/89PA==",
        "dependencies": {
          "Nito.Disposables": "2.2.1"
        }
      },
      "Nito.Disposables": {
        "type": "Transitive",
        "resolved": "2.2.1",
        "contentHash": "6sZ5uynQeAE9dPWBQGKebNmxbY4xsvcc5VplB5WkYEESUS7oy4AwnFp0FhqxTSKm/PaFrFqLrYr696CYN8cugg=="
      },
      "NUglify": {
        "type": "Transitive",
        "resolved": "1.21.17",
        "contentHash": "K2ywYpoPEvU3+Ooq6wxz+FJOkmbDeoE41q/sJZWv9tI7qbTmH2A5R0E4hWzruvl/9pnUhqwbu1mxT06C45D0ZQ=="
      },
      "Perfolizer": {
        "type": "Transitive",
        "resolved": "0.6.1",
        "contentHash": "CR1QmWg4XYBd1Pb7WseP+sDmV8nGPwvmowKynExTqr3OuckIGVMhvmN4LC5PGzfXqDlR295+hz/T7syA1CxEqA==",
        "dependencies": {
          "Pragmastat": "3.2.4"
        }
      },
      "Pragmastat": {
        "type": "Transitive",
        "resolved": "3.2.4",
        "contentHash": "I5qFifWw/gaTQT52MhzjZpkm/JPlfjSeO/DTZJjO7+hTKI+0aGRgOgZ3NN6D96dDuuqbIAZSeA5RimtHjqrA2A=="
      },
      "System.CodeDom": {
        "type": "Transitive",
        "resolved": "10.0.7",
        "contentHash": "bwKU+E9lAt6wRDtSdPnmcnKEev5hpUrQOPBIOVYXfN69GQPYJv9IxeifiBOm53QzYmARUjEKNwPlFALE9Ab53Q=="
      },
      "System.IdentityModel.Tokens.Jwt": {
        "type": "Transitive",
        "resolved": "8.0.1",
        "contentHash": "GJw3bYkWpOgvN3tJo5X4lYUeIFA2HD293FPUhKmp7qxS+g5ywAb34Dnd3cDAFLkcMohy5XTpoaZ4uAHuw0uSPQ==",
        "dependencies": {
          "Microsoft.IdentityModel.JsonWebTokens": "8.0.1",
          "Microsoft.IdentityModel.Tokens": "8.0.1"
        }
      },
      "System.Linq.Dynamic.Core": {
        "type": "Transitive",
        "resolved": "1.6.7",
        "contentHash": "lH+YgtovXbxD6JImHl2VXUtXRUvN8BMEZB2ReZNvS+J5GnGGZV9ivxslQ2nJWmKlBjFTReAKsevnQKE4yLP2pA=="
      },
      "System.Management": {
        "type": "Transitive",
        "resolved": "10.0.7",
        "contentHash": "urkYf/JYCGUSF7+95BF2yM5E+QwnpR1Sf23vBw/niZfNbIkxvwYgRV0eoOq5wmz44JLEZ2Jojxa6nvgkrPVGfg==",
        "dependencies": {
          "System.CodeDom": "10.0.7"
        }
      },
      "System.Reflection.TypeExtensions": {
        "type": "Transitive",
        "resolved": "4.7.0",
        "contentHash": "VybpaOQQhqE6siHppMktjfGBw1GCwvCqiufqmP8F1nj7fTUNtW35LOEt3UZTEsECfo+ELAl/9o9nJx3U91i7vA=="
      },
      "TimeZoneConverter": {
        "type": "Transitive",
        "resolved": "7.2.0",
        "contentHash": "4Poqu79dTmacVETqUJ53g3x4U21V/cmWPSlehdsVE4Q00akavvlRq+SRjcg/CmfO9ibOCjRl6TeUV7hkC5RC4w=="
      },
      "Volo.Abp.ApiVersioning.Abstractions": {
        "type": "Transitive",
        "resolved": "9.3.1",
        "contentHash": "fpBzDopzEJju8pUBlLIpQ317zk/JLKjShcH1qgM0/6UAzC5h2ZYM0CW/XwMPXOzz1fBfSTnFRwvi7Gc2aXWXgQ==",
        "dependencies": {
          "Volo.Abp.Core": "9.3.1"
        }
      },
      "Volo.Abp.AspNetCore.Abstractions": {
        "type": "Transitive",
        "resolved": "10.4.0",
        "contentHash": "yob2l5t7zoQiSRkZYQhcFmCJRK5ixfYz/mZ4sbftzgOuqF4k7PYxuCEp2+PbkenzouyBK7Po8Y2gCXGbyWnqvg==",
        "dependencies": {
          "Volo.Abp.Core": "10.4.0"
        }
      },
      "Volo.Abp.AspNetCore.Mvc.Contracts": {
        "type": "Transitive",
        "resolved": "9.3.1",
        "contentHash": "OqqosM9UTFp1nH2oJqt5DEa1gxex9vU+s0eEU+iO6YQqFCFfvzhEZaqP4xr+bbnKvkYBW9fObDpQBlS7ntep8Q==",
        "dependencies": {
          "Volo.Abp.Ddd.Application.Contracts": "9.3.1"
        }
      },
      "Volo.Abp.Auditing": {
        "type": "Transitive",
        "resolved": "10.4.0",
        "contentHash": "mYe6h27tZhVHHy7v+K+y84lDfhR0Zu49QoF897FNL34NCAaeRYDymXXHm7Lc6zGETVAPMYKnCQx6xoGpk7sXIw==",
        "dependencies": {
          "Volo.Abp.Auditing.Contracts": "10.4.0",
          "Volo.Abp.Data": "10.4.0",
          "Volo.Abp.Json": "10.4.0",
          "Volo.Abp.MultiTenancy": "10.4.0",
          "Volo.Abp.Security": "10.4.0",
          "Volo.Abp.Threading": "10.4.0",
          "Volo.Abp.Timing": "10.4.0"
        }
      },
      "Volo.Abp.Auditing.Contracts": {
        "type": "Transitive",
        "resolved": "10.4.0",
        "contentHash": "5G2N9+IOKHm0ZB5KsqsMA5TTXu/b++WWubr0YIdWvlBjuPazifYw/ysNr+FyDTri+vDU/mwRE+cUkFEICBYp0Q==",
        "dependencies": {
          "Volo.Abp.Core": "10.4.0"
        }
      },
      "Volo.Abp.Authorization": {
        "type": "Transitive",
        "resolved": "10.4.0",
        "contentHash": "TYF1Sd1aBP0oIVS+jcnHxG4Ugk57PT22Uv4w0mULe4qsJ3afbZRF8pXGCYSd1qfrK1Zs4JZGihxcoUQ5mu1oug==",
        "dependencies": {
          "Volo.Abp.Authorization.Abstractions": "10.4.0",
          "Volo.Abp.Localization": "10.4.0",
          "Volo.Abp.MultiTenancy": "10.4.0",
          "Volo.Abp.Security": "10.4.0"
        }
      },
      "Volo.Abp.Authorization.Abstractions": {
        "type": "Transitive",
        "resolved": "10.4.0",
        "contentHash": "xS0XmpWtMxGdLnKzH69SkxeMfvAHPBd388y5b9lc2p8Zsz2KvbhcwBtbcV4YgFFSSHjdVcO8r0Vs+UfmxoNlFg==",
        "dependencies": {
          "Volo.Abp.MultiTenancy.Abstractions": "10.4.0"
        }
      },
      "Volo.Abp.BackgroundWorkers": {
        "type": "Transitive",
        "resolved": "9.3.1",
        "contentHash": "hZUx8Q9KRnQ4ayTpyysrkcdKiXLDUg4uC03CRrMbOFGkbvVt/a8jcI/NwyJT5R7XR7BcjxSrzl73KPbwqlfxTw==",
        "dependencies": {
          "Volo.Abp.Data": "9.3.1",
          "Volo.Abp.Threading": "9.3.1"
        }
      },
      "Volo.Abp.Caching": {
        "type": "Transitive",
        "resolved": "9.3.1",
        "contentHash": "QeHEWBzGTMQxyKqHsgjb72kGea251ZKL7LcJyMDc/iAFEzzRxXfbJDYQw6wPwF157c9Y+mCxz6+Ue4cDUsKRVw==",
        "dependencies": {
          "Microsoft.Extensions.Caching.Hybrid": "9.4.0",
          "Volo.Abp.Json": "9.3.1",
          "Volo.Abp.MultiTenancy": "9.3.1",
          "Volo.Abp.Serialization": "9.3.1",
          "Volo.Abp.Threading": "9.3.1"
        }
      },
      "Volo.Abp.Data": {
        "type": "Transitive",
        "resolved": "10.4.0",
        "contentHash": "c68iBG8znDmKPiSHeGEfLuAxtICEA3oUovz5BEbowFKA4ipfThSoRK80A0Ma0kRzJryGCvGu+4dA6Rf0TLJ87w==",
        "dependencies": {
          "Volo.Abp.EventBus.Abstractions": "10.4.0",
          "Volo.Abp.ObjectExtending": "10.4.0",
          "Volo.Abp.Uow": "10.4.0"
        }
      },
      "Volo.Abp.Ddd.Application": {
        "type": "Transitive",
        "resolved": "9.3.1",
        "contentHash": "DAB6Pn69sv08//Y6znpVhGofPgjhBizxAI/wqh+cCbsHMVtpGKAZNYLEqGCD0ggyhM0typxhLeMYmF2JexfN4w==",
        "dependencies": {
          "Volo.Abp.Authorization": "9.3.1",
          "Volo.Abp.Ddd.Application.Contracts": "9.3.1",
          "Volo.Abp.Ddd.Domain": "9.3.1",
          "Volo.Abp.Features": "9.3.1",
          "Volo.Abp.GlobalFeatures": "9.3.1",
          "Volo.Abp.Http.Abstractions": "9.3.1",
          "Volo.Abp.Localization": "9.3.1",
          "Volo.Abp.ObjectMapping": "9.3.1",
          "Volo.Abp.Security": "9.3.1",
          "Volo.Abp.Settings": "9.3.1",
          "Volo.Abp.Validation": "9.3.1"
        }
      },
      "Volo.Abp.Ddd.Application.Contracts": {
        "type": "Transitive",
        "resolved": "9.3.1",
        "contentHash": "rYr4uxby5PJhi6usRz0iNrCL36thzbpRxQ2dFc4/ZEWJiWVsqUEK06IGtBztPrIqy+nUk4GPHQmGYGikZjYBlQ==",
        "dependencies": {
          "Volo.Abp.Auditing.Contracts": "9.3.1",
          "Volo.Abp.Data": "9.3.1",
          "Volo.Abp.Localization": "9.3.1"
        }
      },
      "Volo.Abp.Ddd.Domain": {
        "type": "Transitive",
        "resolved": "9.3.1",
        "contentHash": "9lk/fs+hXu7TjIkqKIF9c70X+7oCgRGv/4oFcZY2TTwKkrnEmQM7311jJfiwoxsQQiZL5fsXYCG7vqdnS19vDw==",
        "dependencies": {
          "Volo.Abp.Auditing": "9.3.1",
          "Volo.Abp.Caching": "9.3.1",
          "Volo.Abp.Data": "9.3.1",
          "Volo.Abp.Ddd.Domain.Shared": "9.3.1",
          "Volo.Abp.EventBus": "9.3.1",
          "Volo.Abp.ExceptionHandling": "9.3.1",
          "Volo.Abp.Guids": "9.3.1",
          "Volo.Abp.ObjectMapping": "9.3.1",
          "Volo.Abp.Specifications": "9.3.1",
          "Volo.Abp.Timing": "9.3.1"
        }
      },
      "Volo.Abp.Ddd.Domain.Shared": {
        "type": "Transitive",
        "resolved": "9.3.1",
        "contentHash": "QL3trz8sIwnloVJsFkSIdnxUA5vAeUlnssuzYfAqYAoyQBh1auUDwjFeLYi+EfzWDPpJGc5HYhU9/WZO+Xsvrw==",
        "dependencies": {
          "Volo.Abp.EventBus.Abstractions": "9.3.1",
          "Volo.Abp.MultiTenancy.Abstractions": "9.3.1"
        }
      },
      "Volo.Abp.DistributedLocking.Abstractions": {
        "type": "Transitive",
        "resolved": "9.3.1",
        "contentHash": "hMvqrPvmS+V74823O0635aQ7cAEbP6Dvrr4Ss05F9OqBPOruixaxOSiCoC2AxbPUfOeE6R6+eSeeVZJYKm/knQ==",
        "dependencies": {
          "AsyncKeyedLock": "7.1.6",
          "Microsoft.Bcl.AsyncInterfaces": "9.0.5",
          "Volo.Abp.Core": "9.3.1"
        }
      },
      "Volo.Abp.EventBus": {
        "type": "Transitive",
        "resolved": "9.3.1",
        "contentHash": "ieLNQZOQFzIKNJiVv4UBm3/6cEEMPfVAgZMTI6OJWhUl/ieDAYUzmkOUnrtGdd2D5m0agWx6LRH5fFCFZ63kUQ==",
        "dependencies": {
          "Volo.Abp.BackgroundWorkers": "9.3.1",
          "Volo.Abp.DistributedLocking.Abstractions": "9.3.1",
          "Volo.Abp.EventBus.Abstractions": "9.3.1",
          "Volo.Abp.Guids": "9.3.1",
          "Volo.Abp.Json": "9.3.1",
          "Volo.Abp.MultiTenancy": "9.3.1"
        }
      },
      "Volo.Abp.EventBus.Abstractions": {
        "type": "Transitive",
        "resolved": "10.4.0",
        "contentHash": "yT2NCURPpLqxDvxwpFIs7y2l3gx61ELdhxRmDnLUzus9KVFrEDaY6uOs6N8kIAk00McmXC2eW2yFQa7RgAlZQg==",
        "dependencies": {
          "Volo.Abp.ObjectExtending": "10.4.0"
        }
      },
      "Volo.Abp.ExceptionHandling": {
        "type": "Transitive",
        "resolved": "10.4.0",
        "contentHash": "VC+N9fuRhThL0m+IS19gTzlK6UbUZETJa1zsG77ak0KMNH1PQhZJB4Hov3+1OO1zB+85xq0mqIQ3KkEMdaHElQ==",
        "dependencies": {
          "Microsoft.Extensions.FileProviders.Embedded": "10.0.7",
          "Volo.Abp.Data": "10.4.0",
          "Volo.Abp.Localization": "10.4.0"
        }
      },
      "Volo.Abp.Features": {
        "type": "Transitive",
        "resolved": "9.3.1",
        "contentHash": "nq21XPYQXh0nBtfrMaUEUKssui9zlJSQ3pm/fh/5UrQJ8OAWzYphnuiFtI2zAVw75by4XMYX7aVctSo9Yo8qqA==",
        "dependencies": {
          "Volo.Abp.Authorization.Abstractions": "9.3.1",
          "Volo.Abp.Localization": "9.3.1",
          "Volo.Abp.MultiTenancy": "9.3.1",
          "Volo.Abp.Validation": "9.3.1"
        }
      },
      "Volo.Abp.GlobalFeatures": {
        "type": "Transitive",
        "resolved": "9.3.1",
        "contentHash": "quFb4nYTGtkStw0grTohr10f4AZNXTa76AhH4/YBB+PpyggSoKl6Y26ixpphQogd4Hr4Om7VaMnMzmk3tsLZbw==",
        "dependencies": {
          "Volo.Abp.Authorization.Abstractions": "9.3.1",
          "Volo.Abp.Localization": "9.3.1",
          "Volo.Abp.VirtualFileSystem": "9.3.1"
        }
      },
      "Volo.Abp.Guids": {
        "type": "Transitive",
        "resolved": "9.3.1",
        "contentHash": "jCxKoGLRLGVpC2fF+U24bbSJ4DUB6ve4LUZ0ndIixtW+OMLvzBoU2cSaRtm2tnHmclxElZYw1AiEI752mhNi0w==",
        "dependencies": {
          "Volo.Abp.Core": "9.3.1"
        }
      },
      "Volo.Abp.Http": {
        "type": "Transitive",
        "resolved": "10.4.0",
        "contentHash": "dlxAUJdB7YOLCxo0G0x1HVzY1otvuLQHhvk+p2sMv026jXayo9fZbW4N1tgglTTAJuRB50/o4O2jYlkRwW0EdQ==",
        "dependencies": {
          "Volo.Abp.Http.Abstractions": "10.4.0",
          "Volo.Abp.Json": "10.4.0",
          "Volo.Abp.Minify": "10.4.0"
        }
      },
      "Volo.Abp.Http.Abstractions": {
        "type": "Transitive",
        "resolved": "10.4.0",
        "contentHash": "KzQxRJK8XjBHGt3YbLBLjM51MIVpXHaKOHTjCnvaNWUXVGfzbjvTg9jzmbPjngPneumMAaNrCfY75bXPEL2cAg==",
        "dependencies": {
          "Volo.Abp.Core": "10.4.0"
        }
      },
      "Volo.Abp.Json": {
        "type": "Transitive",
        "resolved": "10.4.0",
        "contentHash": "RGFITjkQ+vdyQvBh37tSXni3vR+8/Bu6HHvo3ied4QOrlXSmIJ9BTI+0zw+Nt9HpGjwnoaCycL+PHHW6LUKbEw==",
        "dependencies": {
          "Volo.Abp.Json.SystemTextJson": "10.4.0"
        }
      },
      "Volo.Abp.Json.Abstractions": {
        "type": "Transitive",
        "resolved": "10.4.0",
        "contentHash": "JDcPtQpMtKNunNBIaejMeEoTM/zxZbCEouNf7kKOUmO3QTlQeSDXA4wksvPBBQLJ/7utcBbOZF52a5dggfwt5A==",
        "dependencies": {
          "Volo.Abp.Core": "10.4.0"
        }
      },
      "Volo.Abp.Json.SystemTextJson": {
        "type": "Transitive",
        "resolved": "10.4.0",
        "contentHash": "aeQ2tZVzsRnhbtFUBG8Bp5zjDbOFb3vcjIW+yeKkvABli2aKodJdW+QhQhdA13dwQPDuY0r/6EIiAF8Q6YBEPw==",
        "dependencies": {
          "Volo.Abp.Data": "10.4.0",
          "Volo.Abp.Json.Abstractions": "10.4.0",
          "Volo.Abp.Timing": "10.4.0"
        }
      },
      "Volo.Abp.Localization": {
        "type": "Transitive",
        "resolved": "10.4.0",
        "contentHash": "NtffWcodNPjvO4m/dGMINBWZ8he6VLepjZaCCpkUOFlxe0k8WZRyJXueOs/5LVo+gpacvNXen6R7LQdTS8QrJA==",
        "dependencies": {
          "Volo.Abp.Localization.Abstractions": "10.4.0",
          "Volo.Abp.Settings": "10.4.0",
          "Volo.Abp.Threading": "10.4.0",
          "Volo.Abp.VirtualFileSystem": "10.4.0"
        }
      },
      "Volo.Abp.Localization.Abstractions": {
        "type": "Transitive",
        "resolved": "10.4.0",
        "contentHash": "bx0+n9KPfw717OPCxESMtwZZQ3/3JILinJ0XwwwIpZmNekJkCS9roVTj+EW99EArDGfn9bTo8RWcis9zXqh1tQ==",
        "dependencies": {
          "Volo.Abp.Core": "10.4.0"
        }
      },
      "Volo.Abp.Minify": {
        "type": "Transitive",
        "resolved": "10.4.0",
        "contentHash": "UB2EsEJv/7FjDNPQxOgYe/4QyHP0RDSvCNRA8M5YBk4L/i/7MRY5+KqqEQW9eylytQ1QC0dp5K8JkVHrl4ptog==",
        "dependencies": {
          "NUglify": "1.21.17",
          "Volo.Abp.Core": "10.4.0"
        }
      },
      "Volo.Abp.MultiTenancy": {
        "type": "Transitive",
        "resolved": "10.4.0",
        "contentHash": "A76TWz29l3Wr0N9Cfl98ISaOmtbUm+6a57NQfbMlfXvQl9g2RPBf5YbcS/ODs4ZgThjj1NVl5qQ1plgwSCez0g==",
        "dependencies": {
          "Volo.Abp.Data": "10.4.0",
          "Volo.Abp.EventBus.Abstractions": "10.4.0",
          "Volo.Abp.MultiTenancy.Abstractions": "10.4.0",
          "Volo.Abp.Security": "10.4.0",
          "Volo.Abp.Settings": "10.4.0"
        }
      },
      "Volo.Abp.MultiTenancy.Abstractions": {
        "type": "Transitive",
        "resolved": "10.4.0",
        "contentHash": "dTF1TiNKNIPHc8mABRqF02NeEFi3+Da9qg4i2VuhGUO//H6t11+6TYNSBkT0/xda3DfR884ShbRvhQqTWmyOxA==",
        "dependencies": {
          "Volo.Abp.Localization": "10.4.0",
          "Volo.Abp.VirtualFileSystem": "10.4.0"
        }
      },
      "Volo.Abp.ObjectExtending": {
        "type": "Transitive",
        "resolved": "10.4.0",
        "contentHash": "Ro2j3SDgAjbCBizrwl5lw1T+TjhRypEnzxILp/B2DFskMvwn7j9Tpfcl7eWVk8gvxAWZ5RwP7SRBPGFt/soQfw==",
        "dependencies": {
          "Volo.Abp.Localization.Abstractions": "10.4.0",
          "Volo.Abp.Validation.Abstractions": "10.4.0"
        }
      },
      "Volo.Abp.ObjectMapping": {
        "type": "Transitive",
        "resolved": "9.3.1",
        "contentHash": "wJiCDCOTowxP0YZiiqTP3a03GM1m/Y1KGFl/A9VsGuPXLe3zOK5M7Ni5BGol+UEsEyzMB0cPAIGznVqPcgSXaA==",
        "dependencies": {
          "Volo.Abp.Core": "9.3.1"
        }
      },
      "Volo.Abp.Security": {
        "type": "Transitive",
        "resolved": "10.4.0",
        "contentHash": "0+Cd8j0SJ1ppFFqQsclKmPbJXPcuR4qi6RIDBys1XXyYlO7LXnOIsQeUQ1m+sxfizdF+Rarn+uJw/2YuxBXvsg==",
        "dependencies": {
          "Volo.Abp.Core": "10.4.0"
        }
      },
      "Volo.Abp.Serialization": {
        "type": "Transitive",
        "resolved": "9.3.1",
        "contentHash": "arNJFyRdWxyy9XnXm+wt6/vKbPl31U+62p8lucvTj4AmdTubu3bVskzZBPJGiYqDU5gLgDrrIVvkxQaKDj0AEA==",
        "dependencies": {
          "Volo.Abp.Core": "9.3.1"
        }
      },
      "Volo.Abp.Settings": {
        "type": "Transitive",
        "resolved": "10.4.0",
        "contentHash": "2eWnDPK2qxwKGwN2QONP8yRUI2yNtEEEIQMblsNDkajlMjogFFoz2x5zPT89aM2KMf0q97/nIA5t3GrfZAxNQA==",
        "dependencies": {
          "Volo.Abp.Data": "10.4.0",
          "Volo.Abp.Localization.Abstractions": "10.4.0",
          "Volo.Abp.Security": "10.4.0"
        }
      },
      "Volo.Abp.Specifications": {
        "type": "Transitive",
        "resolved": "9.3.1",
        "contentHash": "iMJjACewtgZ8Hbeinh0dxcq/dxtJea5dI+elsfUdZzKh+ju1+J3uOVDKFnIhXL14ebnWH/tx2BRO8BY9NS0KzQ==",
        "dependencies": {
          "Volo.Abp.Core": "9.3.1"
        }
      },
      "Volo.Abp.Threading": {
        "type": "Transitive",
        "resolved": "10.4.0",
        "contentHash": "Wpa6/1VDwNpc4tdy3DpMETQ7M9lwEZOMF4FceE+FNTZ79aUuq+M9okAINmBsaJYltYfCb4A9oX5UFVaxYCBRJA==",
        "dependencies": {
          "Volo.Abp.Core": "10.4.0"
        }
      },
      "Volo.Abp.Timing": {
        "type": "Transitive",
        "resolved": "10.4.0",
        "contentHash": "WHOP/pkJIl9FOGKK9DcqLEeew86hQ4V87AWJ8hc2+1HEz/8gjy0HLeQNuqRW339J/norY2ekIK8lmc6YATiMFA==",
        "dependencies": {
          "TimeZoneConverter": "7.2.0",
          "Volo.Abp.Localization": "10.4.0",
          "Volo.Abp.Settings": "10.4.0"
        }
      },
      "Volo.Abp.UI": {
        "type": "Transitive",
        "resolved": "9.3.1",
        "contentHash": "+OjO2VZFpCRP7H7FkRQwaEM3RUhVWaXlJW/S+9rSCWPVbwbjlztyDX4QgBPBe29+UWYYlyqcfZALR3uYpyjQOg==",
        "dependencies": {
          "Volo.Abp.ExceptionHandling": "9.3.1"
        }
      },
      "Volo.Abp.UI.Navigation": {
        "type": "Transitive",
        "resolved": "9.3.1",
        "contentHash": "XwnGozQ934XsfV1J+8JQW5ccRCjUJV4mYz3ucYEcSzsbq9zdPlikeU/GBdXNjSaQ1H/Bo+ufFkg8gSEgadIuig==",
        "dependencies": {
          "Volo.Abp.Authorization": "9.3.1",
          "Volo.Abp.MultiTenancy": "9.3.1",
          "Volo.Abp.UI": "9.3.1"
        }
      },
      "Volo.Abp.Uow": {
        "type": "Transitive",
        "resolved": "10.4.0",
        "contentHash": "mOto9nVlfZqC3nBk2O+5eAGmfMn6ysfGUl/VkFV8L7P6Qy7PchVRv+GnOoPszHAzHYB+yewXv/3alUz//+gnkw==",
        "dependencies": {
          "Volo.Abp.Core": "10.4.0"
        }
      },
      "Volo.Abp.Validation": {
        "type": "Transitive",
        "resolved": "10.4.0",
        "contentHash": "7g0BMT2NODLJiwJFRsSBKZsvVCUnOPC08xqeyc2tiISDaul8Hax1MZUyV6KR+UHW2YU85SjMeM7EK65u6Jdlzw==",
        "dependencies": {
          "Volo.Abp.Localization": "10.4.0",
          "Volo.Abp.Validation.Abstractions": "10.4.0"
        }
      },
      "Volo.Abp.Validation.Abstractions": {
        "type": "Transitive",
        "resolved": "10.4.0",
        "contentHash": "PZMYQa6S5sXRC0h0G8t9seawdXTAEm+5d5tp19HtQjwpRNI464H8EWomtQJ5YCbEwx8ohDbV5rgRjlxmAuawiA==",
        "dependencies": {
          "Volo.Abp.Core": "10.4.0"
        }
      },
      "Volo.Abp.VirtualFileSystem": {
        "type": "Transitive",
        "resolved": "10.4.0",
        "contentHash": "NJdO01k/bIlD7RPJFpEFX2eZQD1VEw4+HdLEDhORbY1dLR1qs1/nqIIv16GwRgLUOfxC6nE1/k/88rZ6zy7dAQ==",
        "dependencies": {
          "Microsoft.Extensions.FileProviders.Embedded": "10.0.7",
          "Volo.Abp.Core": "10.4.0"
        }
      },
      "abpsimplecontroller": {
        "type": "Project",
        "dependencies": {
          "Volo.Abp.AspNetCore.Mvc": "[9.3.1, )"
        }
      },
      "dependencyinjectioncontrollers": {
        "type": "Project"
      },
      "forgetrust.appsurface.core": {
        "type": "Project",
        "dependencies": {
          "CliWrap": "[3.10.1, )"
        }
      },
      "forgetrust.appsurface.web": {
        "type": "Project",
        "dependencies": {
          "ForgeTrust.AppSurface.Core": "[0.1.0, )"
        }
      },
      "forgetrust.appsurface.web.openapi": {
        "type": "Project",
        "dependencies": {
          "ForgeTrust.AppSurface.Web": "[0.1.0, )",
          "Microsoft.AspNetCore.OpenApi": "[10.0.8, )"
        }
      },
      "forgetrust.appsurface.web.scalar": {
        "type": "Project",
        "dependencies": {
          "ForgeTrust.AppSurface.Web.OpenApi": "[0.1.0, )",
          "Scalar.AspNetCore": "[2.14.14, )"
        }
      },
      "manydependencyinjectioncontrollers": {
        "type": "Project",
        "dependencies": {
          "DependencyInjectionControllers": "[0.1.0, )"
        }
      },
      "simpleapicontroller": {
        "type": "Project"
      },
      "webappexample": {
        "type": "Project",
        "dependencies": {
          "ForgeTrust.AppSurface.Web.Scalar": "[0.1.0, )"
        }
      },
      "CliWrap": {
        "type": "CentralTransitive",
        "requested": "[3.10.1, )",
        "resolved": "3.10.1",
        "contentHash": "C+WzXwzpQsJVNqvuh19ZO/bw/vR43L+DC/CmvK+PATUBkail2AWYE6an17dOGgWaVGzF9sU28YwRwfNfkPrQdg=="
      },
      "Microsoft.AspNetCore.Mvc.Razor.Extensions": {
        "type": "CentralTransitive",
        "requested": "[6.0.36, )",
        "resolved": "6.0.36",
        "contentHash": "KFHRhrGAnd80310lpuWzI7Cf+GidS/h3JaPDFFnSmSGjCxB5vkBv5E+TXclJCJhqPtgNxg+keTC5SF1T9ieG5w==",
        "dependencies": {
          "Microsoft.AspNetCore.Razor.Language": "6.0.36",
          "Microsoft.CodeAnalysis.Razor": "6.0.36"
        }
      },
      "Microsoft.AspNetCore.Mvc.Razor.RuntimeCompilation": {
        "type": "CentralTransitive",
        "requested": "[10.0.2, )",
        "resolved": "10.0.2",
        "contentHash": "FN5Rv8tmQ2yr4iTiNIetVDyTaLxyt+ugUUo7d7aJnIiHLDr1piOnS8sxUZOEx6apECPLHvrGhQ2XFVdv7mWZ3Q==",
        "dependencies": {
          "Microsoft.AspNetCore.Mvc.Razor.Extensions": "6.0.0",
          "Microsoft.CodeAnalysis.Razor": "6.0.0",
          "Microsoft.Extensions.DependencyModel": "10.0.2"
        }
      },
      "Microsoft.AspNetCore.OpenApi": {
        "type": "CentralTransitive",
        "requested": "[10.0.8, )",
        "resolved": "10.0.8",
        "contentHash": "cw24xHE2QaWwyEG9GQwFbjboyabub6Vd80DIItUGENzcQOa/BEnTrXsg2GADqWTmY/3ycqk9ToLGjgvF/VRlGA==",
        "dependencies": {
          "Microsoft.OpenApi": "2.0.0"
        }
      },
      "Microsoft.CodeAnalysis.Analyzers": {
        "type": "CentralTransitive",
        "requested": "[3.11.0, )",
        "resolved": "3.11.0",
        "contentHash": "v/EW3UE8/lbEYHoC2Qq7AR/DnmvpgdtAMndfQNmpuIMx/Mto8L5JnuCfdBYtgvalQOtfNCnxFejxuRrryvUTsg=="
      },
      "Microsoft.CodeAnalysis.CSharp": {
        "type": "CentralTransitive",
        "requested": "[5.0.0, )",
        "resolved": "5.0.0",
        "contentHash": "5DSyJ9bk+ATuDy7fp2Zt0mJStDVKbBoiz1DyfAwSa+k4H4IwykAUcV3URelw5b8/iVbfSaOwkwmPUZH6opZKCw==",
        "dependencies": {
          "Microsoft.CodeAnalysis.Analyzers": "3.11.0",
          "Microsoft.CodeAnalysis.Common": "[5.0.0]"
        }
      },
      "Microsoft.CodeAnalysis.Razor": {
        "type": "CentralTransitive",
        "requested": "[6.0.36, )",
        "resolved": "6.0.36",
        "contentHash": "RTLNJglWezr/1IkiWdtDpPYW7X7lwa4ow8E35cHt+sWdWxOnl+ayQqMy1RfbaLp7CLmRmgXSzMMZZU3D4vZi9Q==",
        "dependencies": {
          "Microsoft.AspNetCore.Razor.Language": "6.0.36",
          "Microsoft.CodeAnalysis.CSharp": "4.0.0",
          "Microsoft.CodeAnalysis.Common": "4.0.0"
        }
      },
      "Microsoft.Extensions.DependencyModel": {
        "type": "CentralTransitive",
        "requested": "[10.0.2, )",
        "resolved": "10.0.2",
        "contentHash": "DHXzj/FKmUDmhzw7AHbMXbNNcgO8Cb9PDbYOUDICjFAdIALy2WbC6pm+dFKiAUNtcYMucZu2iMVw1ef/sdcZFw=="
      },
      "Scalar.AspNetCore": {
        "type": "CentralTransitive",
        "requested": "[2.14.14, )",
        "resolved": "2.14.14",
        "contentHash": "xNa3MadDudKk7y+0gQPBQihVL+JxGP3KNZHB4Zl2W42ATFIffHHHBjsuyKJ4YPUnnA7NUiHR/diqV/FTZC9dkg=="
      },
      "Volo.Abp.AspNetCore.Mvc": {
        "type": "CentralTransitive",
        "requested": "[9.3.1, )",
        "resolved": "9.3.1",
        "contentHash": "+eylCD317dlwfN9RKzs42D9Tul4/mYPXg7JM/ANZ3m/dPL+TvAewOrv/Oo3YQUOIPgvkIpy+VSpfidRR0SPmoQ==",
        "dependencies": {
          "Asp.Versioning.Mvc": "8.1.0",
          "Asp.Versioning.Mvc.ApiExplorer": "8.1.0",
          "Microsoft.AspNetCore.Mvc.Razor.RuntimeCompilation": "9.0.5",
          "Volo.Abp.ApiVersioning.Abstractions": "9.3.1",
          "Volo.Abp.AspNetCore": "9.3.1",
          "Volo.Abp.AspNetCore.Mvc.Contracts": "9.3.1",
          "Volo.Abp.Ddd.Application": "9.3.1",
          "Volo.Abp.GlobalFeatures": "9.3.1",
          "Volo.Abp.Localization": "9.3.1",
          "Volo.Abp.UI.Navigation": "9.3.1"
        }
      }
    }
  }
}